
Microsoft Visual Studio Solution File, Format Version 12.00
# Visual Studio 15
VisualStudioVersion = 15.0.28010.0
MinimumVisualStudioVersion = 10.0.40219.1
Project("{9A19103F-16F7-4668-BE54-9A1E7A4F7556}") = "Xgame.Core", "Xgame.Core\Xgame.Core.csproj", "{CDAA222C-015A-4B64-A417-81F8F9DBE1B2}"
EndProject
Project("{9A19103F-16F7-4668-BE54-9A1E7A4F7556}") = "Xgame.Mvc", "Xgame.Mvc\Xgame.Mvc.csproj", "{027A15DB-E9B4-42A3-95E8-6104B1486CF6}"
	ProjectSection(ProjectDependencies) = postProject
		{CDAA222C-015A-4B64-A417-81F8F9DBE1B2} = {CDAA222C-015A-4B64-A417-81F8F9DBE1B2}
	EndProjectSection
EndProject
Project("{9A19103F-16F7-4668-BE54-9A1E7A4F7556}") = "Xgame.Db", "Xgame.Db\Xgame.Db.csproj", "{28BD1EFA-4BAC-4BAA-96BE-92A088FB2DCE}"
EndProject
Project("{9A19103F-16F7-4668-BE54-9A1E7A4F7556}") = "Xgame.Model", "Xgame.Model\Xgame.Model.csproj", "{2148C6DC-2F1C-4BF2-8CEB-D7757200656B}"
EndProject
Global
	GlobalSection(SolutionConfigurationPlatforms) = preSolution
		Debug|Any CPU = Debug|Any CPU
		Release|Any CPU = Release|Any CPU
	EndGlobalSection
	GlobalSection(ProjectConfigurationPlatforms) = postSolution
		{CDAA222C-015A-4B64-A417-81F8F9DBE1B2}.Debug|Any CPU.ActiveCfg = Debug|Any CPU
		{CDAA222C-015A-4B64-A417-81F8F9DBE1B2}.Debug|Any CPU.Build.0 = Debug|Any CPU
		{CDAA222C-015A-4B64-A417-81F8F9DBE1B2}.Release|Any CPU.ActiveCfg = Release|Any CPU
		{CDAA222C-015A-4B64-A417-81F8F9DBE1B2}.Release|Any CPU.Build.0 = Release|Any CPU
		{027A15DB-E9B4-42A3-95E8-6104B1486CF6}.Debug|Any CPU.ActiveCfg = Debug|Any CPU
		{027A15DB-E9B4-42A3-95E8-6104B1486CF6}.Debug|Any CPU.Build.0 = Debug|Any CPU
		{027A15DB-E9B4-42A3-95E8-6104B1486CF6}.Release|Any CPU.ActiveCfg = Release|Any CPU
		{027A15DB-E9B4-42A3-95E8-6104B1486CF6}.Release|Any CPU.Build.0 = Release|Any CPU
		{28BD1EFA-4BAC-4BAA-96BE-92A088FB2DCE}.Debug|Any CPU.ActiveCfg = Debug|Any CPU
		{28BD1EFA-4BAC-4BAA-96BE-92A088FB2DCE}.Debug|Any CPU.Build.0 = Debug|Any CPU
		{28BD1EFA-4BAC-4BAA-96BE-92A088FB2DCE}.Release|Any CPU.ActiveCfg = Release|Any CPU
		{28BD1EFA-4BAC-4BAA-96BE-92A088FB2DCE}.Release|Any CPU.Build.0 = Release|Any CPU
		{2148C6DC-2F1C-4BF2-8CEB-D7757200656B}.Debug|Any CPU.ActiveCfg = Debug|Any CPU
		{2148C6DC-2F1C-4BF2-8CEB-D7757200656B}.Debug|Any CPU.Build.0 = Debug|Any CPU
		{2148C6DC-2F1C-4BF2-8CEB-D7757200656B}.Release|Any CPU.ActiveCfg = Release|Any CPU
		{2148C6DC-2F1C-4BF2-8CEB-D7757200656B}.Release|Any CPU.Build.0 = Release|Any CPU
	EndGlobalSection
	GlobalSection(SolutionProperties) = preSolution
		HideSolutionNode = FALSE
	EndGlobalSection
	GlobalSection(ExtensibilityGlobals) = postSolution
		SolutionGuid = {351F928B-B3EB-4274-B62B-03AD2998D148}
	EndGlobalSection
EndGlobal
